
Microsoft Visual Studio Solution File, Format Version 12.00
Project("{FAE04EC0-301F-11D3-BF4B-00C04F79EFBC}") = "Dodo.Core", "Dodo.Core\Dodo.Core.csproj", "{AAE81232-F8EE-46B5-894A-6486E92DBE30}"
EndProject
Project("{FAE04EC0-301F-11D3-BF4B-00C04F79EFBC}") = "Dodo.Tracker.Contracts", "src\Dodo.Tracker\Dodo.Tracker.Contracts\Dodo.Tracker.Contracts.csproj", "{9796881B-145B-40EC-8996-D148379845E3}"
EndProject
Project("{FAE04EC0-301F-11D3-BF4B-00C04F79EFBC}") = "Dodo.RestaurantBoard.Domain", "src\Dodo.RestaurantBoard\Dodo.RestaurantBoard.Domain\Dodo.RestaurantBoard.Domain.csproj", "{4EE25C17-4020-420E-8EE5-97B8A0822B65}"
EndProject
Project("{FAE04EC0-301F-11D3-BF4B-00C04F79EFBC}") = "Dodo.RestaurantBoard.Site", "src\Dodo.RestaurantBoard\Dodo.RestaurantBoard.Site\Dodo.RestaurantBoard.Site.csproj", "{C73097A9-078D-41A9-85FA-71F7BF0571C5}"
EndProject
Project("{FAE04EC0-301F-11D3-BF4B-00C04F79EFBC}") = "Dodo.Core.Tests", "Dodo.Core.Tests\Dodo.Core.Tests.csproj", "{1B2317F6-A425-4AD9-9DB8-C5CE78A28894}"
EndProject
Global
	GlobalSection(SolutionConfigurationPlatforms) = preSolution
		Debug|Any CPU = Debug|Any CPU
		Release|Any CPU = Release|Any CPU
	EndGlobalSection
	GlobalSection(ProjectConfigurationPlatforms) = postSolution
		{AAE81232-F8EE-46B5-894A-6486E92DBE30}.Debug|Any CPU.ActiveCfg = Debug|Any CPU
		{AAE81232-F8EE-46B5-894A-6486E92DBE30}.Debug|Any CPU.Build.0 = Debug|Any CPU
		{AAE81232-F8EE-46B5-894A-6486E92DBE30}.Release|Any CPU.ActiveCfg = Release|Any CPU
		{AAE81232-F8EE-46B5-894A-6486E92DBE30}.Release|Any CPU.Build.0 = Release|Any CPU
		{9796881B-145B-40EC-8996-D148379845E3}.Debug|Any CPU.ActiveCfg = Debug|Any CPU
		{9796881B-145B-40EC-8996-D148379845E3}.Debug|Any CPU.Build.0 = Debug|Any CPU
		{9796881B-145B-40EC-8996-D148379845E3}.Release|Any CPU.ActiveCfg = Release|Any CPU
		{9796881B-145B-40EC-8996-D148379845E3}.Release|Any CPU.Build.0 = Release|Any CPU
		{4EE25C17-4020-420E-8EE5-97B8A0822B65}.Debug|Any CPU.ActiveCfg = Debug|Any CPU
		{4EE25C17-4020-420E-8EE5-97B8A0822B65}.Debug|Any CPU.Build.0 = Debug|Any CPU
		{4EE25C17-4020-420E-8EE5-97B8A0822B65}.Release|Any CPU.ActiveCfg = Release|Any CPU
		{4EE25C17-4020-420E-8EE5-97B8A0822B65}.Release|Any CPU.Build.0 = Release|Any CPU
		{C73097A9-078D-41A9-85FA-71F7BF0571C5}.Debug|Any CPU.ActiveCfg = Debug|Any CPU
		{C73097A9-078D-41A9-85FA-71F7BF0571C5}.Debug|Any CPU.Build.0 = Debug|Any CPU
		{C73097A9-078D-41A9-85FA-71F7BF0571C5}.Release|Any CPU.ActiveCfg = Release|Any CPU
		{C73097A9-078D-41A9-85FA-71F7BF0571C5}.Release|Any CPU.Build.0 = Release|Any CPU
		{1B2317F6-A425-4AD9-9DB8-C5CE78A28894}.Debug|Any CPU.ActiveCfg = Debug|Any CPU
		{1B2317F6-A425-4AD9-9DB8-C5CE78A28894}.Debug|Any CPU.Build.0 = Debug|Any CPU
		{1B2317F6-A425-4AD9-9DB8-C5CE78A28894}.Release|Any CPU.ActiveCfg = Release|Any CPU
		{1B2317F6-A425-4AD9-9DB8-C5CE78A28894}.Release|Any CPU.Build.0 = Release|Any CPU
	EndGlobalSection
EndGlobal
